
Microsoft Visual Studio Solution File, Format Version 12.00
Project("{FAE04EC0-301F-11D3-BF4B-00C04F79EFBC}") = "_001", "_001\_001.csproj", "{7E5CE202-EB34-4DD3-9613-0490DC9A82F7}"
EndProject
Project("{FAE04EC0-301F-11D3-BF4B-00C04F79EFBC}") = "_002", "_002\_002.csproj", "{FB2A9549-D011-4E93-A782-90316433D794}"
EndProject
Project("{FAE04EC0-301F-11D3-BF4B-00C04F79EFBC}") = "_003", "_003\_003.csproj", "{935C4842-3DD0-4639-98DA-0A6490F9AC93}"
EndProject
Project("{FAE04EC0-301F-11D3-BF4B-00C04F79EFBC}") = "_004", "_004\_004.csproj", "{478C00FF-5C48-4D58-A436-FB81C0B54063}"
EndProject
Project("{FAE04EC0-301F-11D3-BF4B-00C04F79EFBC}") = "_005", "_005\_005.csproj", "{3CE7AEDE-F775-43A3-BA05-E88B6C9EC8F1}"
EndProject
Project("{FAE04EC0-301F-11D3-BF4B-00C04F79EFBC}") = "_006", "_006\_006.csproj", "{1767D063-5D49-401C-8D69-975A6D1D45F6}"
EndProject
Project("{FAE04EC0-301F-11D3-BF4B-00C04F79EFBC}") = "_007", "_007\_007.csproj", "{7832E045-9C21-4824-8C6C-A8FD6B609502}"
EndProject
Global
	GlobalSection(SolutionConfigurationPlatforms) = preSolution
		Debug|Any CPU = Debug|Any CPU
		Release|Any CPU = Release|Any CPU
	EndGlobalSection
	GlobalSection(ProjectConfigurationPlatforms) = postSolution
		{7E5CE202-EB34-4DD3-9613-0490DC9A82F7}.Debug|Any CPU.ActiveCfg = Debug|Any CPU
		{7E5CE202-EB34-4DD3-9613-0490DC9A82F7}.Debug|Any CPU.Build.0 = Debug|Any CPU
		{7E5CE202-EB34-4DD3-9613-0490DC9A82F7}.Release|Any CPU.ActiveCfg = Release|Any CPU
		{7E5CE202-EB34-4DD3-9613-0490DC9A82F7}.Release|Any CPU.Build.0 = Release|Any CPU
		{FB2A9549-D011-4E93-A782-90316433D794}.Debug|Any CPU.ActiveCfg = Debug|Any CPU
		{FB2A9549-D011-4E93-A782-90316433D794}.Debug|Any CPU.Build.0 = Debug|Any CPU
		{FB2A9549-D011-4E93-A782-90316433D794}.Release|Any CPU.ActiveCfg = Release|Any CPU
		{FB2A9549-D011-4E93-A782-90316433D794}.Release|Any CPU.Build.0 = Release|Any CPU
		{935C4842-3DD0-4639-98DA-0A6490F9AC93}.Debug|Any CPU.ActiveCfg = Debug|Any CPU
		{935C4842-3DD0-4639-98DA-0A6490F9AC93}.Debug|Any CPU.Build.0 = Debug|Any CPU
		{935C4842-3DD0-4639-98DA-0A6490F9AC93}.Release|Any CPU.ActiveCfg = Release|Any CPU
		{935C4842-3DD0-4639-98DA-0A6490F9AC93}.Release|Any CPU.Build.0 = Release|Any CPU
		{478C00FF-5C48-4D58-A436-FB81C0B54063}.Debug|Any CPU.ActiveCfg = Debug|Any CPU
		{478C00FF-5C48-4D58-A436-FB81C0B54063}.Debug|Any CPU.Build.0 = Debug|Any CPU
		{478C00FF-5C48-4D58-A436-FB81C0B54063}.Release|Any CPU.ActiveCfg = Release|Any CPU
		{478C00FF-5C48-4D58-A436-FB81C0B54063}.Release|Any CPU.Build.0 = Release|Any CPU
		{3CE7AEDE-F775-43A3-BA05-E88B6C9EC8F1}.Debug|Any CPU.ActiveCfg = Debug|Any CPU
		{3CE7AEDE-F775-43A3-BA05-E88B6C9EC8F1}.Debug|Any CPU.Build.0 = Debug|Any CPU
		{3CE7AEDE-F775-43A3-BA05-E88B6C9EC8F1}.Release|Any CPU.ActiveCfg = Release|Any CPU
		{3CE7AEDE-F775-43A3-BA05-E88B6C9EC8F1}.Release|Any CPU.Build.0 = Release|Any CPU
		{1767D063-5D49-401C-8D69-975A6D1D45F6}.Debug|Any CPU.ActiveCfg = Debug|Any CPU
		{1767D063-5D49-401C-8D69-975A6D1D45F6}.Debug|Any CPU.Build.0 = Debug|Any CPU
		{1767D063-5D49-401C-8D69-975A6D1D45F6}.Release|Any CPU.ActiveCfg = Release|Any CPU
		{1767D063-5D49-401C-8D69-975A6D1D45F6}.Release|Any CPU.Build.0 = Release|Any CPU
		{7832E045-9C21-4824-8C6C-A8FD6B609502}.Debug|Any CPU.ActiveCfg = Debug|Any CPU
		{7832E045-9C21-4824-8C6C-A8FD6B609502}.Debug|Any CPU.Build.0 = Debug|Any CPU
		{7832E045-9C21-4824-8C6C-A8FD6B609502}.Release|Any CPU.ActiveCfg = Release|Any CPU
		{7832E045-9C21-4824-8C6C-A8FD6B609502}.Release|Any CPU.Build.0 = Release|Any CPU
	EndGlobalSection
EndGlobal
