
Microsoft Visual Studio Solution File, Format Version 12.00
Project("{FAE04EC0-301F-11D3-BF4B-00C04F79EFBC}") = "_001", "_001\_001.csproj", "{809981AF-E30F-409E-8CFA-ED55D3FEEEB1}"
EndProject
Project("{FAE04EC0-301F-11D3-BF4B-00C04F79EFBC}") = "_002", "_002\_002.csproj", "{15232EAB-5DEF-4E9D-9BC9-126E7D76D95D}"
EndProject
Project("{FAE04EC0-301F-11D3-BF4B-00C04F79EFBC}") = "_003", "_003\_003.csproj", "{9CCCAF23-7777-49F0-AE0E-91ECD486BBA2}"
EndProject
Project("{FAE04EC0-301F-11D3-BF4B-00C04F79EFBC}") = "_004", "_004\_004.csproj", "{D1894C72-FFEE-4367-8F1A-F6EA6530AE3B}"
EndProject
Project("{FAE04EC0-301F-11D3-BF4B-00C04F79EFBC}") = "_005", "_005\_005.csproj", "{66C2EE38-A385-49CB-81AD-0BFCF356E31A}"
EndProject
Project("{FAE04EC0-301F-11D3-BF4B-00C04F79EFBC}") = "_006", "_006\_006.csproj", "{264554E9-93BA-4103-8416-9F2DF42192DE}"
EndProject
Project("{FAE04EC0-301F-11D3-BF4B-00C04F79EFBC}") = "_007", "_007\_007.csproj", "{F57736DE-F023-46F0-8E99-1DC5864C245D}"
EndProject
Project("{FAE04EC0-301F-11D3-BF4B-00C04F79EFBC}") = "_008", "_008\_008.csproj", "{04C38FD7-2A65-43C4-91E4-B8CD12D85A36}"
EndProject
Project("{FAE04EC0-301F-11D3-BF4B-00C04F79EFBC}") = "_009", "_009\_009.csproj", "{4D7A467D-56D1-44CB-A86E-783210F33D3B}"
EndProject
Project("{FAE04EC0-301F-11D3-BF4B-00C04F79EFBC}") = "_010", "_010\_010.csproj", "{DC2E3B4D-A72C-49F1-B35F-9A361456345B}"
EndProject
Project("{FAE04EC0-301F-11D3-BF4B-00C04F79EFBC}") = "_011", "_011\_011.csproj", "{C89C3FEE-FD2E-4E8D-8030-D885F8B4B062}"
EndProject
Project("{FAE04EC0-301F-11D3-BF4B-00C04F79EFBC}") = "_012", "_012\_012.csproj", "{216180C1-6289-4495-B1F4-E17E6702969A}"
EndProject
Global
	GlobalSection(SolutionConfigurationPlatforms) = preSolution
		Debug|Any CPU = Debug|Any CPU
		Release|Any CPU = Release|Any CPU
	EndGlobalSection
	GlobalSection(ProjectConfigurationPlatforms) = postSolution
		{809981AF-E30F-409E-8CFA-ED55D3FEEEB1}.Debug|Any CPU.ActiveCfg = Debug|Any CPU
		{809981AF-E30F-409E-8CFA-ED55D3FEEEB1}.Debug|Any CPU.Build.0 = Debug|Any CPU
		{809981AF-E30F-409E-8CFA-ED55D3FEEEB1}.Release|Any CPU.ActiveCfg = Release|Any CPU
		{809981AF-E30F-409E-8CFA-ED55D3FEEEB1}.Release|Any CPU.Build.0 = Release|Any CPU
		{15232EAB-5DEF-4E9D-9BC9-126E7D76D95D}.Debug|Any CPU.ActiveCfg = Debug|Any CPU
		{15232EAB-5DEF-4E9D-9BC9-126E7D76D95D}.Debug|Any CPU.Build.0 = Debug|Any CPU
		{15232EAB-5DEF-4E9D-9BC9-126E7D76D95D}.Release|Any CPU.ActiveCfg = Release|Any CPU
		{15232EAB-5DEF-4E9D-9BC9-126E7D76D95D}.Release|Any CPU.Build.0 = Release|Any CPU
		{9CCCAF23-7777-49F0-AE0E-91ECD486BBA2}.Debug|Any CPU.ActiveCfg = Debug|Any CPU
		{9CCCAF23-7777-49F0-AE0E-91ECD486BBA2}.Debug|Any CPU.Build.0 = Debug|Any CPU
		{9CCCAF23-7777-49F0-AE0E-91ECD486BBA2}.Release|Any CPU.ActiveCfg = Release|Any CPU
		{9CCCAF23-7777-49F0-AE0E-91ECD486BBA2}.Release|Any CPU.Build.0 = Release|Any CPU
		{D1894C72-FFEE-4367-8F1A-F6EA6530AE3B}.Debug|Any CPU.ActiveCfg = Debug|Any CPU
		{D1894C72-FFEE-4367-8F1A-F6EA6530AE3B}.Debug|Any CPU.Build.0 = Debug|Any CPU
		{D1894C72-FFEE-4367-8F1A-F6EA6530AE3B}.Release|Any CPU.ActiveCfg = Release|Any CPU
		{D1894C72-FFEE-4367-8F1A-F6EA6530AE3B}.Release|Any CPU.Build.0 = Release|Any CPU
		{66C2EE38-A385-49CB-81AD-0BFCF356E31A}.Debug|Any CPU.ActiveCfg = Debug|Any CPU
		{66C2EE38-A385-49CB-81AD-0BFCF356E31A}.Debug|Any CPU.Build.0 = Debug|Any CPU
		{66C2EE38-A385-49CB-81AD-0BFCF356E31A}.Release|Any CPU.ActiveCfg = Release|Any CPU
		{66C2EE38-A385-49CB-81AD-0BFCF356E31A}.Release|Any CPU.Build.0 = Release|Any CPU
		{264554E9-93BA-4103-8416-9F2DF42192DE}.Debug|Any CPU.ActiveCfg = Debug|Any CPU
		{264554E9-93BA-4103-8416-9F2DF42192DE}.Debug|Any CPU.Build.0 = Debug|Any CPU
		{264554E9-93BA-4103-8416-9F2DF42192DE}.Release|Any CPU.ActiveCfg = Release|Any CPU
		{264554E9-93BA-4103-8416-9F2DF42192DE}.Release|Any CPU.Build.0 = Release|Any CPU
		{F57736DE-F023-46F0-8E99-1DC5864C245D}.Debug|Any CPU.ActiveCfg = Debug|Any CPU
		{F57736DE-F023-46F0-8E99-1DC5864C245D}.Debug|Any CPU.Build.0 = Debug|Any CPU
		{F57736DE-F023-46F0-8E99-1DC5864C245D}.Release|Any CPU.ActiveCfg = Release|Any CPU
		{F57736DE-F023-46F0-8E99-1DC5864C245D}.Release|Any CPU.Build.0 = Release|Any CPU
		{04C38FD7-2A65-43C4-91E4-B8CD12D85A36}.Debug|Any CPU.ActiveCfg = Debug|Any CPU
		{04C38FD7-2A65-43C4-91E4-B8CD12D85A36}.Debug|Any CPU.Build.0 = Debug|Any CPU
		{04C38FD7-2A65-43C4-91E4-B8CD12D85A36}.Release|Any CPU.ActiveCfg = Release|Any CPU
		{04C38FD7-2A65-43C4-91E4-B8CD12D85A36}.Release|Any CPU.Build.0 = Release|Any CPU
		{4D7A467D-56D1-44CB-A86E-783210F33D3B}.Debug|Any CPU.ActiveCfg = Debug|Any CPU
		{4D7A467D-56D1-44CB-A86E-783210F33D3B}.Debug|Any CPU.Build.0 = Debug|Any CPU
		{4D7A467D-56D1-44CB-A86E-783210F33D3B}.Release|Any CPU.ActiveCfg = Release|Any CPU
		{4D7A467D-56D1-44CB-A86E-783210F33D3B}.Release|Any CPU.Build.0 = Release|Any CPU
		{DC2E3B4D-A72C-49F1-B35F-9A361456345B}.Debug|Any CPU.ActiveCfg = Debug|Any CPU
		{DC2E3B4D-A72C-49F1-B35F-9A361456345B}.Debug|Any CPU.Build.0 = Debug|Any CPU
		{DC2E3B4D-A72C-49F1-B35F-9A361456345B}.Release|Any CPU.ActiveCfg = Release|Any CPU
		{DC2E3B4D-A72C-49F1-B35F-9A361456345B}.Release|Any CPU.Build.0 = Release|Any CPU
		{C89C3FEE-FD2E-4E8D-8030-D885F8B4B062}.Debug|Any CPU.ActiveCfg = Debug|Any CPU
		{C89C3FEE-FD2E-4E8D-8030-D885F8B4B062}.Debug|Any CPU.Build.0 = Debug|Any CPU
		{C89C3FEE-FD2E-4E8D-8030-D885F8B4B062}.Release|Any CPU.ActiveCfg = Release|Any CPU
		{C89C3FEE-FD2E-4E8D-8030-D885F8B4B062}.Release|Any CPU.Build.0 = Release|Any CPU
		{216180C1-6289-4495-B1F4-E17E6702969A}.Debug|Any CPU.ActiveCfg = Debug|Any CPU
		{216180C1-6289-4495-B1F4-E17E6702969A}.Debug|Any CPU.Build.0 = Debug|Any CPU
		{216180C1-6289-4495-B1F4-E17E6702969A}.Release|Any CPU.ActiveCfg = Release|Any CPU
		{216180C1-6289-4495-B1F4-E17E6702969A}.Release|Any CPU.Build.0 = Release|Any CPU
	EndGlobalSection
EndGlobal
