
Microsoft Visual Studio Solution File, Format Version 12.00
Project("{FAE04EC0-301F-11D3-BF4B-00C04F79EFBC}") = "_001", "_001\_001.csproj", "{8FBEE012-3AAE-43AC-AC2B-3D1EE84805B3}"
EndProject
Project("{FAE04EC0-301F-11D3-BF4B-00C04F79EFBC}") = "_002", "_002\_002.csproj", "{C31AAB83-20D6-49EE-B9F5-8BDF27EE668C}"
EndProject
Project("{FAE04EC0-301F-11D3-BF4B-00C04F79EFBC}") = "_003", "_003\_003.csproj", "{0DF6D3B8-0866-4AD3-96C2-9389F9A56AAE}"
EndProject
Project("{FAE04EC0-301F-11D3-BF4B-00C04F79EFBC}") = "_004", "_004\_004.csproj", "{7100EDD2-20F6-42F5-9DCF-A35301191AF7}"
EndProject
Project("{FAE04EC0-301F-11D3-BF4B-00C04F79EFBC}") = "_005", "_005\_005.csproj", "{B065E492-2AAA-406E-BB17-BD7AA233D7E1}"
EndProject
Project("{FAE04EC0-301F-11D3-BF4B-00C04F79EFBC}") = "_006", "_006\_006.csproj", "{D9149050-F833-4593-9586-618A195AC084}"
EndProject
Project("{FAE04EC0-301F-11D3-BF4B-00C04F79EFBC}") = "_007", "_007\_007.csproj", "{8E435E3D-634B-43EC-9AC0-D6CA133F802E}"
EndProject
Project("{FAE04EC0-301F-11D3-BF4B-00C04F79EFBC}") = "_008", "_008\_008.csproj", "{ED06ED81-A87D-49E2-A86D-49654570FE2E}"
EndProject
Project("{FAE04EC0-301F-11D3-BF4B-00C04F79EFBC}") = "_009", "_009\_009.csproj", "{BC41A04E-A0F2-4E9E-A823-9C0D01DDAAAE}"
EndProject
Project("{FAE04EC0-301F-11D3-BF4B-00C04F79EFBC}") = "_010", "_010\_010.csproj", "{FE13BE9E-6C1C-41AA-8954-056CF0425704}"
EndProject
Project("{FAE04EC0-301F-11D3-BF4B-00C04F79EFBC}") = "_011", "_011\_011.csproj", "{A493A611-9922-4783-BA7C-17EFDB5CEA13}"
EndProject
Global
	GlobalSection(SolutionConfigurationPlatforms) = preSolution
		Debug|Any CPU = Debug|Any CPU
		Release|Any CPU = Release|Any CPU
	EndGlobalSection
	GlobalSection(ProjectConfigurationPlatforms) = postSolution
		{8FBEE012-3AAE-43AC-AC2B-3D1EE84805B3}.Debug|Any CPU.ActiveCfg = Debug|Any CPU
		{8FBEE012-3AAE-43AC-AC2B-3D1EE84805B3}.Debug|Any CPU.Build.0 = Debug|Any CPU
		{8FBEE012-3AAE-43AC-AC2B-3D1EE84805B3}.Release|Any CPU.ActiveCfg = Release|Any CPU
		{8FBEE012-3AAE-43AC-AC2B-3D1EE84805B3}.Release|Any CPU.Build.0 = Release|Any CPU
		{C31AAB83-20D6-49EE-B9F5-8BDF27EE668C}.Debug|Any CPU.ActiveCfg = Debug|Any CPU
		{C31AAB83-20D6-49EE-B9F5-8BDF27EE668C}.Debug|Any CPU.Build.0 = Debug|Any CPU
		{C31AAB83-20D6-49EE-B9F5-8BDF27EE668C}.Release|Any CPU.ActiveCfg = Release|Any CPU
		{C31AAB83-20D6-49EE-B9F5-8BDF27EE668C}.Release|Any CPU.Build.0 = Release|Any CPU
		{0DF6D3B8-0866-4AD3-96C2-9389F9A56AAE}.Debug|Any CPU.ActiveCfg = Debug|Any CPU
		{0DF6D3B8-0866-4AD3-96C2-9389F9A56AAE}.Debug|Any CPU.Build.0 = Debug|Any CPU
		{0DF6D3B8-0866-4AD3-96C2-9389F9A56AAE}.Release|Any CPU.ActiveCfg = Release|Any CPU
		{0DF6D3B8-0866-4AD3-96C2-9389F9A56AAE}.Release|Any CPU.Build.0 = Release|Any CPU
		{7100EDD2-20F6-42F5-9DCF-A35301191AF7}.Debug|Any CPU.ActiveCfg = Debug|Any CPU
		{7100EDD2-20F6-42F5-9DCF-A35301191AF7}.Debug|Any CPU.Build.0 = Debug|Any CPU
		{7100EDD2-20F6-42F5-9DCF-A35301191AF7}.Release|Any CPU.ActiveCfg = Release|Any CPU
		{7100EDD2-20F6-42F5-9DCF-A35301191AF7}.Release|Any CPU.Build.0 = Release|Any CPU
		{B065E492-2AAA-406E-BB17-BD7AA233D7E1}.Debug|Any CPU.ActiveCfg = Debug|Any CPU
		{B065E492-2AAA-406E-BB17-BD7AA233D7E1}.Debug|Any CPU.Build.0 = Debug|Any CPU
		{B065E492-2AAA-406E-BB17-BD7AA233D7E1}.Release|Any CPU.ActiveCfg = Release|Any CPU
		{B065E492-2AAA-406E-BB17-BD7AA233D7E1}.Release|Any CPU.Build.0 = Release|Any CPU
		{D9149050-F833-4593-9586-618A195AC084}.Debug|Any CPU.ActiveCfg = Debug|Any CPU
		{D9149050-F833-4593-9586-618A195AC084}.Debug|Any CPU.Build.0 = Debug|Any CPU
		{D9149050-F833-4593-9586-618A195AC084}.Release|Any CPU.ActiveCfg = Release|Any CPU
		{D9149050-F833-4593-9586-618A195AC084}.Release|Any CPU.Build.0 = Release|Any CPU
		{8E435E3D-634B-43EC-9AC0-D6CA133F802E}.Debug|Any CPU.ActiveCfg = Debug|Any CPU
		{8E435E3D-634B-43EC-9AC0-D6CA133F802E}.Debug|Any CPU.Build.0 = Debug|Any CPU
		{8E435E3D-634B-43EC-9AC0-D6CA133F802E}.Release|Any CPU.ActiveCfg = Release|Any CPU
		{8E435E3D-634B-43EC-9AC0-D6CA133F802E}.Release|Any CPU.Build.0 = Release|Any CPU
		{ED06ED81-A87D-49E2-A86D-49654570FE2E}.Debug|Any CPU.ActiveCfg = Debug|Any CPU
		{ED06ED81-A87D-49E2-A86D-49654570FE2E}.Debug|Any CPU.Build.0 = Debug|Any CPU
		{ED06ED81-A87D-49E2-A86D-49654570FE2E}.Release|Any CPU.ActiveCfg = Release|Any CPU
		{ED06ED81-A87D-49E2-A86D-49654570FE2E}.Release|Any CPU.Build.0 = Release|Any CPU
		{BC41A04E-A0F2-4E9E-A823-9C0D01DDAAAE}.Debug|Any CPU.ActiveCfg = Debug|Any CPU
		{BC41A04E-A0F2-4E9E-A823-9C0D01DDAAAE}.Debug|Any CPU.Build.0 = Debug|Any CPU
		{BC41A04E-A0F2-4E9E-A823-9C0D01DDAAAE}.Release|Any CPU.ActiveCfg = Release|Any CPU
		{BC41A04E-A0F2-4E9E-A823-9C0D01DDAAAE}.Release|Any CPU.Build.0 = Release|Any CPU
		{FE13BE9E-6C1C-41AA-8954-056CF0425704}.Debug|Any CPU.ActiveCfg = Debug|Any CPU
		{FE13BE9E-6C1C-41AA-8954-056CF0425704}.Debug|Any CPU.Build.0 = Debug|Any CPU
		{FE13BE9E-6C1C-41AA-8954-056CF0425704}.Release|Any CPU.ActiveCfg = Release|Any CPU
		{FE13BE9E-6C1C-41AA-8954-056CF0425704}.Release|Any CPU.Build.0 = Release|Any CPU
		{A493A611-9922-4783-BA7C-17EFDB5CEA13}.Debug|Any CPU.ActiveCfg = Debug|Any CPU
		{A493A611-9922-4783-BA7C-17EFDB5CEA13}.Debug|Any CPU.Build.0 = Debug|Any CPU
		{A493A611-9922-4783-BA7C-17EFDB5CEA13}.Release|Any CPU.ActiveCfg = Release|Any CPU
		{A493A611-9922-4783-BA7C-17EFDB5CEA13}.Release|Any CPU.Build.0 = Release|Any CPU
	EndGlobalSection
EndGlobal
