
Microsoft Visual Studio Solution File, Format Version 12.00
Project("{FAE04EC0-301F-11D3-BF4B-00C04F79EFBC}") = "_001", "_001\_001.csproj", "{8E8AF11C-CB39-44C4-B601-F0EE6A08AB14}"
EndProject
Project("{FAE04EC0-301F-11D3-BF4B-00C04F79EFBC}") = "_002", "_002\_002.csproj", "{24C9E045-59A4-419D-97D7-661544DDFED0}"
EndProject
Project("{FAE04EC0-301F-11D3-BF4B-00C04F79EFBC}") = "_003", "_003\_003.csproj", "{A71E85E5-B652-47E7-AECA-1CB5F68468AE}"
EndProject
Project("{FAE04EC0-301F-11D3-BF4B-00C04F79EFBC}") = "_004", "_004\_004.csproj", "{4F8FC7B1-EDF3-4A47-BF2E-DE62DF7C9ABB}"
EndProject
Project("{FAE04EC0-301F-11D3-BF4B-00C04F79EFBC}") = "_005", "_005\_005.csproj", "{19C8BBDC-F129-4B6B-88CD-3716175B1481}"
EndProject
Project("{FAE04EC0-301F-11D3-BF4B-00C04F79EFBC}") = "_006", "_006\_006.csproj", "{A76E7137-F220-4748-923F-8FEFA8DB05E1}"
EndProject
Project("{FAE04EC0-301F-11D3-BF4B-00C04F79EFBC}") = "_007", "_007\_007.csproj", "{ABBE823B-03CD-48D5-A4D0-70534164CB0D}"
EndProject
Project("{FAE04EC0-301F-11D3-BF4B-00C04F79EFBC}") = "_008", "_008\_008.csproj", "{FCA496FB-1713-492B-A3EF-E7100CD4C761}"
EndProject
Project("{FAE04EC0-301F-11D3-BF4B-00C04F79EFBC}") = "_009", "_009\_009.csproj", "{79808889-A83B-45EB-8664-46BD8F760D46}"
EndProject
Project("{FAE04EC0-301F-11D3-BF4B-00C04F79EFBC}") = "_010", "_010\_010.csproj", "{B29E1247-05DF-4B97-AF76-1963B499DC22}"
EndProject
Project("{FAE04EC0-301F-11D3-BF4B-00C04F79EFBC}") = "_011", "_011\_011.csproj", "{355C2DB0-0554-426E-A7D6-7C18B9B541F3}"
EndProject
Global
	GlobalSection(SolutionConfigurationPlatforms) = preSolution
		Debug|Any CPU = Debug|Any CPU
		Release|Any CPU = Release|Any CPU
	EndGlobalSection
	GlobalSection(ProjectConfigurationPlatforms) = postSolution
		{8E8AF11C-CB39-44C4-B601-F0EE6A08AB14}.Debug|Any CPU.ActiveCfg = Debug|Any CPU
		{8E8AF11C-CB39-44C4-B601-F0EE6A08AB14}.Debug|Any CPU.Build.0 = Debug|Any CPU
		{8E8AF11C-CB39-44C4-B601-F0EE6A08AB14}.Release|Any CPU.ActiveCfg = Release|Any CPU
		{8E8AF11C-CB39-44C4-B601-F0EE6A08AB14}.Release|Any CPU.Build.0 = Release|Any CPU
		{24C9E045-59A4-419D-97D7-661544DDFED0}.Debug|Any CPU.ActiveCfg = Debug|Any CPU
		{24C9E045-59A4-419D-97D7-661544DDFED0}.Debug|Any CPU.Build.0 = Debug|Any CPU
		{24C9E045-59A4-419D-97D7-661544DDFED0}.Release|Any CPU.ActiveCfg = Release|Any CPU
		{24C9E045-59A4-419D-97D7-661544DDFED0}.Release|Any CPU.Build.0 = Release|Any CPU
		{A71E85E5-B652-47E7-AECA-1CB5F68468AE}.Debug|Any CPU.ActiveCfg = Debug|Any CPU
		{A71E85E5-B652-47E7-AECA-1CB5F68468AE}.Debug|Any CPU.Build.0 = Debug|Any CPU
		{A71E85E5-B652-47E7-AECA-1CB5F68468AE}.Release|Any CPU.ActiveCfg = Release|Any CPU
		{A71E85E5-B652-47E7-AECA-1CB5F68468AE}.Release|Any CPU.Build.0 = Release|Any CPU
		{4F8FC7B1-EDF3-4A47-BF2E-DE62DF7C9ABB}.Debug|Any CPU.ActiveCfg = Debug|Any CPU
		{4F8FC7B1-EDF3-4A47-BF2E-DE62DF7C9ABB}.Debug|Any CPU.Build.0 = Debug|Any CPU
		{4F8FC7B1-EDF3-4A47-BF2E-DE62DF7C9ABB}.Release|Any CPU.ActiveCfg = Release|Any CPU
		{4F8FC7B1-EDF3-4A47-BF2E-DE62DF7C9ABB}.Release|Any CPU.Build.0 = Release|Any CPU
		{19C8BBDC-F129-4B6B-88CD-3716175B1481}.Debug|Any CPU.ActiveCfg = Debug|Any CPU
		{19C8BBDC-F129-4B6B-88CD-3716175B1481}.Debug|Any CPU.Build.0 = Debug|Any CPU
		{19C8BBDC-F129-4B6B-88CD-3716175B1481}.Release|Any CPU.ActiveCfg = Release|Any CPU
		{19C8BBDC-F129-4B6B-88CD-3716175B1481}.Release|Any CPU.Build.0 = Release|Any CPU
		{A76E7137-F220-4748-923F-8FEFA8DB05E1}.Debug|Any CPU.ActiveCfg = Debug|Any CPU
		{A76E7137-F220-4748-923F-8FEFA8DB05E1}.Debug|Any CPU.Build.0 = Debug|Any CPU
		{A76E7137-F220-4748-923F-8FEFA8DB05E1}.Release|Any CPU.ActiveCfg = Release|Any CPU
		{A76E7137-F220-4748-923F-8FEFA8DB05E1}.Release|Any CPU.Build.0 = Release|Any CPU
		{ABBE823B-03CD-48D5-A4D0-70534164CB0D}.Debug|Any CPU.ActiveCfg = Debug|Any CPU
		{ABBE823B-03CD-48D5-A4D0-70534164CB0D}.Debug|Any CPU.Build.0 = Debug|Any CPU
		{ABBE823B-03CD-48D5-A4D0-70534164CB0D}.Release|Any CPU.ActiveCfg = Release|Any CPU
		{ABBE823B-03CD-48D5-A4D0-70534164CB0D}.Release|Any CPU.Build.0 = Release|Any CPU
		{FCA496FB-1713-492B-A3EF-E7100CD4C761}.Debug|Any CPU.ActiveCfg = Debug|Any CPU
		{FCA496FB-1713-492B-A3EF-E7100CD4C761}.Debug|Any CPU.Build.0 = Debug|Any CPU
		{FCA496FB-1713-492B-A3EF-E7100CD4C761}.Release|Any CPU.ActiveCfg = Release|Any CPU
		{FCA496FB-1713-492B-A3EF-E7100CD4C761}.Release|Any CPU.Build.0 = Release|Any CPU
		{79808889-A83B-45EB-8664-46BD8F760D46}.Debug|Any CPU.ActiveCfg = Debug|Any CPU
		{79808889-A83B-45EB-8664-46BD8F760D46}.Debug|Any CPU.Build.0 = Debug|Any CPU
		{79808889-A83B-45EB-8664-46BD8F760D46}.Release|Any CPU.ActiveCfg = Release|Any CPU
		{79808889-A83B-45EB-8664-46BD8F760D46}.Release|Any CPU.Build.0 = Release|Any CPU
		{B29E1247-05DF-4B97-AF76-1963B499DC22}.Debug|Any CPU.ActiveCfg = Debug|Any CPU
		{B29E1247-05DF-4B97-AF76-1963B499DC22}.Debug|Any CPU.Build.0 = Debug|Any CPU
		{B29E1247-05DF-4B97-AF76-1963B499DC22}.Release|Any CPU.ActiveCfg = Release|Any CPU
		{B29E1247-05DF-4B97-AF76-1963B499DC22}.Release|Any CPU.Build.0 = Release|Any CPU
		{355C2DB0-0554-426E-A7D6-7C18B9B541F3}.Debug|Any CPU.ActiveCfg = Debug|Any CPU
		{355C2DB0-0554-426E-A7D6-7C18B9B541F3}.Debug|Any CPU.Build.0 = Debug|Any CPU
		{355C2DB0-0554-426E-A7D6-7C18B9B541F3}.Release|Any CPU.ActiveCfg = Release|Any CPU
		{355C2DB0-0554-426E-A7D6-7C18B9B541F3}.Release|Any CPU.Build.0 = Release|Any CPU
	EndGlobalSection
EndGlobal
