
Microsoft Visual Studio Solution File, Format Version 12.00
Project("{FAE04EC0-301F-11D3-BF4B-00C04F79EFBC}") = "_001", "_001\_001.csproj", "{C049B8A0-5FEA-488F-83B7-764471210114}"
EndProject
Project("{FAE04EC0-301F-11D3-BF4B-00C04F79EFBC}") = "_002", "_002\_002.csproj", "{CD6EE2A2-35B1-4F82-9483-B0C8297FFD09}"
EndProject
Project("{FAE04EC0-301F-11D3-BF4B-00C04F79EFBC}") = "_003", "_003\_003.csproj", "{06E370F9-B4D1-4F14-9EBD-DB7531EA36D4}"
EndProject
Project("{FAE04EC0-301F-11D3-BF4B-00C04F79EFBC}") = "_004", "_004\_004.csproj", "{9B412609-5994-4413-8115-9C6C07A384B4}"
EndProject
Project("{FAE04EC0-301F-11D3-BF4B-00C04F79EFBC}") = "_005", "_005\_005.csproj", "{ED3A2AA5-8223-461D-BE8C-D5A505BDCDFF}"
EndProject
Project("{FAE04EC0-301F-11D3-BF4B-00C04F79EFBC}") = "_006", "_006\_006.csproj", "{4695DF1F-2316-4DD8-AEC1-05DE543DAC82}"
EndProject
Project("{FAE04EC0-301F-11D3-BF4B-00C04F79EFBC}") = "_007", "_007\_007.csproj", "{FAD09E42-7BB2-4DF7-B3B7-2E16738C0D9C}"
EndProject
Project("{FAE04EC0-301F-11D3-BF4B-00C04F79EFBC}") = "_008", "_008\_008.csproj", "{6DE49D9B-E7BD-458F-B0BF-D9F9023C173B}"
EndProject
Project("{FAE04EC0-301F-11D3-BF4B-00C04F79EFBC}") = "_009", "_009\_009.csproj", "{BA22F5CD-01BD-4A39-A71A-C954AB87B24E}"
EndProject
Project("{FAE04EC0-301F-11D3-BF4B-00C04F79EFBC}") = "_010", "_010\_010.csproj", "{BFC8A153-6073-4B6F-9D80-B947CE9E2A31}"
EndProject
Project("{FAE04EC0-301F-11D3-BF4B-00C04F79EFBC}") = "_012", "_012\_012.csproj", "{CAA24415-9B82-4BE4-B5F1-571457951C7A}"
EndProject
Project("{FAE04EC0-301F-11D3-BF4B-00C04F79EFBC}") = "_013", "_013\_013.csproj", "{548ACE8D-3E20-4F66-A00B-8CDF674EE68C}"
EndProject
Project("{FAE04EC0-301F-11D3-BF4B-00C04F79EFBC}") = "_014", "_014\_014.csproj", "{238AB20B-DA91-4513-9D94-9E9417DF77DB}"
EndProject
Project("{FAE04EC0-301F-11D3-BF4B-00C04F79EFBC}") = "_015", "_015\_015.csproj", "{2D46E336-AFE1-448B-AE33-1243C941B783}"
EndProject
Project("{FAE04EC0-301F-11D3-BF4B-00C04F79EFBC}") = "_016", "_016\_016.csproj", "{E83C8B9B-625C-4A05-AD3D-A5F27609C4F4}"
EndProject
Project("{FAE04EC0-301F-11D3-BF4B-00C04F79EFBC}") = "_011", "_011\_011.csproj", "{2503E110-B65C-428F-B0EE-49E0DE40D0EE}"
EndProject
Project("{FAE04EC0-301F-11D3-BF4B-00C04F79EFBC}") = "_017", "_017\_017.csproj", "{0B562F5C-6811-4802-99E0-97675146A129}"
EndProject
Global
	GlobalSection(SolutionConfigurationPlatforms) = preSolution
		Debug|Any CPU = Debug|Any CPU
		Release|Any CPU = Release|Any CPU
	EndGlobalSection
	GlobalSection(ProjectConfigurationPlatforms) = postSolution
		{C049B8A0-5FEA-488F-83B7-764471210114}.Debug|Any CPU.ActiveCfg = Debug|Any CPU
		{C049B8A0-5FEA-488F-83B7-764471210114}.Debug|Any CPU.Build.0 = Debug|Any CPU
		{C049B8A0-5FEA-488F-83B7-764471210114}.Release|Any CPU.ActiveCfg = Release|Any CPU
		{C049B8A0-5FEA-488F-83B7-764471210114}.Release|Any CPU.Build.0 = Release|Any CPU
		{CD6EE2A2-35B1-4F82-9483-B0C8297FFD09}.Debug|Any CPU.ActiveCfg = Debug|Any CPU
		{CD6EE2A2-35B1-4F82-9483-B0C8297FFD09}.Debug|Any CPU.Build.0 = Debug|Any CPU
		{CD6EE2A2-35B1-4F82-9483-B0C8297FFD09}.Release|Any CPU.ActiveCfg = Release|Any CPU
		{CD6EE2A2-35B1-4F82-9483-B0C8297FFD09}.Release|Any CPU.Build.0 = Release|Any CPU
		{06E370F9-B4D1-4F14-9EBD-DB7531EA36D4}.Debug|Any CPU.ActiveCfg = Debug|Any CPU
		{06E370F9-B4D1-4F14-9EBD-DB7531EA36D4}.Debug|Any CPU.Build.0 = Debug|Any CPU
		{06E370F9-B4D1-4F14-9EBD-DB7531EA36D4}.Release|Any CPU.ActiveCfg = Release|Any CPU
		{06E370F9-B4D1-4F14-9EBD-DB7531EA36D4}.Release|Any CPU.Build.0 = Release|Any CPU
		{9B412609-5994-4413-8115-9C6C07A384B4}.Debug|Any CPU.ActiveCfg = Debug|Any CPU
		{9B412609-5994-4413-8115-9C6C07A384B4}.Debug|Any CPU.Build.0 = Debug|Any CPU
		{9B412609-5994-4413-8115-9C6C07A384B4}.Release|Any CPU.ActiveCfg = Release|Any CPU
		{9B412609-5994-4413-8115-9C6C07A384B4}.Release|Any CPU.Build.0 = Release|Any CPU
		{ED3A2AA5-8223-461D-BE8C-D5A505BDCDFF}.Debug|Any CPU.ActiveCfg = Debug|Any CPU
		{ED3A2AA5-8223-461D-BE8C-D5A505BDCDFF}.Debug|Any CPU.Build.0 = Debug|Any CPU
		{ED3A2AA5-8223-461D-BE8C-D5A505BDCDFF}.Release|Any CPU.ActiveCfg = Release|Any CPU
		{ED3A2AA5-8223-461D-BE8C-D5A505BDCDFF}.Release|Any CPU.Build.0 = Release|Any CPU
		{4695DF1F-2316-4DD8-AEC1-05DE543DAC82}.Debug|Any CPU.ActiveCfg = Debug|Any CPU
		{4695DF1F-2316-4DD8-AEC1-05DE543DAC82}.Debug|Any CPU.Build.0 = Debug|Any CPU
		{4695DF1F-2316-4DD8-AEC1-05DE543DAC82}.Release|Any CPU.ActiveCfg = Release|Any CPU
		{4695DF1F-2316-4DD8-AEC1-05DE543DAC82}.Release|Any CPU.Build.0 = Release|Any CPU
		{FAD09E42-7BB2-4DF7-B3B7-2E16738C0D9C}.Debug|Any CPU.ActiveCfg = Debug|Any CPU
		{FAD09E42-7BB2-4DF7-B3B7-2E16738C0D9C}.Debug|Any CPU.Build.0 = Debug|Any CPU
		{FAD09E42-7BB2-4DF7-B3B7-2E16738C0D9C}.Release|Any CPU.ActiveCfg = Release|Any CPU
		{FAD09E42-7BB2-4DF7-B3B7-2E16738C0D9C}.Release|Any CPU.Build.0 = Release|Any CPU
		{6DE49D9B-E7BD-458F-B0BF-D9F9023C173B}.Debug|Any CPU.ActiveCfg = Debug|Any CPU
		{6DE49D9B-E7BD-458F-B0BF-D9F9023C173B}.Debug|Any CPU.Build.0 = Debug|Any CPU
		{6DE49D9B-E7BD-458F-B0BF-D9F9023C173B}.Release|Any CPU.ActiveCfg = Release|Any CPU
		{6DE49D9B-E7BD-458F-B0BF-D9F9023C173B}.Release|Any CPU.Build.0 = Release|Any CPU
		{BA22F5CD-01BD-4A39-A71A-C954AB87B24E}.Debug|Any CPU.ActiveCfg = Debug|Any CPU
		{BA22F5CD-01BD-4A39-A71A-C954AB87B24E}.Debug|Any CPU.Build.0 = Debug|Any CPU
		{BA22F5CD-01BD-4A39-A71A-C954AB87B24E}.Release|Any CPU.ActiveCfg = Release|Any CPU
		{BA22F5CD-01BD-4A39-A71A-C954AB87B24E}.Release|Any CPU.Build.0 = Release|Any CPU
		{BFC8A153-6073-4B6F-9D80-B947CE9E2A31}.Debug|Any CPU.ActiveCfg = Debug|Any CPU
		{BFC8A153-6073-4B6F-9D80-B947CE9E2A31}.Debug|Any CPU.Build.0 = Debug|Any CPU
		{BFC8A153-6073-4B6F-9D80-B947CE9E2A31}.Release|Any CPU.ActiveCfg = Release|Any CPU
		{BFC8A153-6073-4B6F-9D80-B947CE9E2A31}.Release|Any CPU.Build.0 = Release|Any CPU
		{CAA24415-9B82-4BE4-B5F1-571457951C7A}.Debug|Any CPU.ActiveCfg = Debug|Any CPU
		{CAA24415-9B82-4BE4-B5F1-571457951C7A}.Debug|Any CPU.Build.0 = Debug|Any CPU
		{CAA24415-9B82-4BE4-B5F1-571457951C7A}.Release|Any CPU.ActiveCfg = Release|Any CPU
		{CAA24415-9B82-4BE4-B5F1-571457951C7A}.Release|Any CPU.Build.0 = Release|Any CPU
		{548ACE8D-3E20-4F66-A00B-8CDF674EE68C}.Debug|Any CPU.ActiveCfg = Debug|Any CPU
		{548ACE8D-3E20-4F66-A00B-8CDF674EE68C}.Debug|Any CPU.Build.0 = Debug|Any CPU
		{548ACE8D-3E20-4F66-A00B-8CDF674EE68C}.Release|Any CPU.ActiveCfg = Release|Any CPU
		{548ACE8D-3E20-4F66-A00B-8CDF674EE68C}.Release|Any CPU.Build.0 = Release|Any CPU
		{238AB20B-DA91-4513-9D94-9E9417DF77DB}.Debug|Any CPU.ActiveCfg = Debug|Any CPU
		{238AB20B-DA91-4513-9D94-9E9417DF77DB}.Debug|Any CPU.Build.0 = Debug|Any CPU
		{238AB20B-DA91-4513-9D94-9E9417DF77DB}.Release|Any CPU.ActiveCfg = Release|Any CPU
		{238AB20B-DA91-4513-9D94-9E9417DF77DB}.Release|Any CPU.Build.0 = Release|Any CPU
		{2D46E336-AFE1-448B-AE33-1243C941B783}.Debug|Any CPU.ActiveCfg = Debug|Any CPU
		{2D46E336-AFE1-448B-AE33-1243C941B783}.Debug|Any CPU.Build.0 = Debug|Any CPU
		{2D46E336-AFE1-448B-AE33-1243C941B783}.Release|Any CPU.ActiveCfg = Release|Any CPU
		{2D46E336-AFE1-448B-AE33-1243C941B783}.Release|Any CPU.Build.0 = Release|Any CPU
		{E83C8B9B-625C-4A05-AD3D-A5F27609C4F4}.Debug|Any CPU.ActiveCfg = Debug|Any CPU
		{E83C8B9B-625C-4A05-AD3D-A5F27609C4F4}.Debug|Any CPU.Build.0 = Debug|Any CPU
		{E83C8B9B-625C-4A05-AD3D-A5F27609C4F4}.Release|Any CPU.ActiveCfg = Release|Any CPU
		{E83C8B9B-625C-4A05-AD3D-A5F27609C4F4}.Release|Any CPU.Build.0 = Release|Any CPU
		{2503E110-B65C-428F-B0EE-49E0DE40D0EE}.Debug|Any CPU.ActiveCfg = Debug|Any CPU
		{2503E110-B65C-428F-B0EE-49E0DE40D0EE}.Debug|Any CPU.Build.0 = Debug|Any CPU
		{2503E110-B65C-428F-B0EE-49E0DE40D0EE}.Release|Any CPU.ActiveCfg = Release|Any CPU
		{2503E110-B65C-428F-B0EE-49E0DE40D0EE}.Release|Any CPU.Build.0 = Release|Any CPU
		{0B562F5C-6811-4802-99E0-97675146A129}.Debug|Any CPU.ActiveCfg = Debug|Any CPU
		{0B562F5C-6811-4802-99E0-97675146A129}.Debug|Any CPU.Build.0 = Debug|Any CPU
		{0B562F5C-6811-4802-99E0-97675146A129}.Release|Any CPU.ActiveCfg = Release|Any CPU
		{0B562F5C-6811-4802-99E0-97675146A129}.Release|Any CPU.Build.0 = Release|Any CPU
	EndGlobalSection
EndGlobal
