
Microsoft Visual Studio Solution File, Format Version 12.00
Project("{FAE04EC0-301F-11D3-BF4B-00C04F79EFBC}") = "_001", "_001\_001.csproj", "{0C6CBC40-A3A4-4656-BBAF-E902F40BAB2B}"
EndProject
Project("{FAE04EC0-301F-11D3-BF4B-00C04F79EFBC}") = "_002", "_002\_002.csproj", "{C85D0E68-DA06-48B5-AD1A-DE17B50A43E7}"
EndProject
Project("{FAE04EC0-301F-11D3-BF4B-00C04F79EFBC}") = "_003", "_003\_003.csproj", "{B73B010E-657B-4513-83C3-BE7FDCB4FC4A}"
EndProject
Project("{FAE04EC0-301F-11D3-BF4B-00C04F79EFBC}") = "_004", "_004\_004.csproj", "{E41C03C6-4DB1-46D6-91AD-A1ACCD3C505C}"
EndProject
Project("{FAE04EC0-301F-11D3-BF4B-00C04F79EFBC}") = "_005", "_005\_005.csproj", "{1EE06917-AD19-4CC4-A579-CF3E5CE017D5}"
EndProject
Global
	GlobalSection(SolutionConfigurationPlatforms) = preSolution
		Debug|Any CPU = Debug|Any CPU
		Release|Any CPU = Release|Any CPU
	EndGlobalSection
	GlobalSection(ProjectConfigurationPlatforms) = postSolution
		{0C6CBC40-A3A4-4656-BBAF-E902F40BAB2B}.Debug|Any CPU.ActiveCfg = Debug|Any CPU
		{0C6CBC40-A3A4-4656-BBAF-E902F40BAB2B}.Debug|Any CPU.Build.0 = Debug|Any CPU
		{0C6CBC40-A3A4-4656-BBAF-E902F40BAB2B}.Release|Any CPU.ActiveCfg = Release|Any CPU
		{0C6CBC40-A3A4-4656-BBAF-E902F40BAB2B}.Release|Any CPU.Build.0 = Release|Any CPU
		{C85D0E68-DA06-48B5-AD1A-DE17B50A43E7}.Debug|Any CPU.ActiveCfg = Debug|Any CPU
		{C85D0E68-DA06-48B5-AD1A-DE17B50A43E7}.Debug|Any CPU.Build.0 = Debug|Any CPU
		{C85D0E68-DA06-48B5-AD1A-DE17B50A43E7}.Release|Any CPU.ActiveCfg = Release|Any CPU
		{C85D0E68-DA06-48B5-AD1A-DE17B50A43E7}.Release|Any CPU.Build.0 = Release|Any CPU
		{B73B010E-657B-4513-83C3-BE7FDCB4FC4A}.Debug|Any CPU.ActiveCfg = Debug|Any CPU
		{B73B010E-657B-4513-83C3-BE7FDCB4FC4A}.Debug|Any CPU.Build.0 = Debug|Any CPU
		{B73B010E-657B-4513-83C3-BE7FDCB4FC4A}.Release|Any CPU.ActiveCfg = Release|Any CPU
		{B73B010E-657B-4513-83C3-BE7FDCB4FC4A}.Release|Any CPU.Build.0 = Release|Any CPU
		{E41C03C6-4DB1-46D6-91AD-A1ACCD3C505C}.Debug|Any CPU.ActiveCfg = Debug|Any CPU
		{E41C03C6-4DB1-46D6-91AD-A1ACCD3C505C}.Debug|Any CPU.Build.0 = Debug|Any CPU
		{E41C03C6-4DB1-46D6-91AD-A1ACCD3C505C}.Release|Any CPU.ActiveCfg = Release|Any CPU
		{E41C03C6-4DB1-46D6-91AD-A1ACCD3C505C}.Release|Any CPU.Build.0 = Release|Any CPU
		{1EE06917-AD19-4CC4-A579-CF3E5CE017D5}.Debug|Any CPU.ActiveCfg = Debug|Any CPU
		{1EE06917-AD19-4CC4-A579-CF3E5CE017D5}.Debug|Any CPU.Build.0 = Debug|Any CPU
		{1EE06917-AD19-4CC4-A579-CF3E5CE017D5}.Release|Any CPU.ActiveCfg = Release|Any CPU
		{1EE06917-AD19-4CC4-A579-CF3E5CE017D5}.Release|Any CPU.Build.0 = Release|Any CPU
	EndGlobalSection
EndGlobal
