
Microsoft Visual Studio Solution File, Format Version 12.00
Project("{FAE04EC0-301F-11D3-BF4B-00C04F79EFBC}") = "_001", "_001\_001.csproj", "{F4567432-C32A-4B20-BEEC-AB157AAE2685}"
EndProject
Project("{FAE04EC0-301F-11D3-BF4B-00C04F79EFBC}") = "_002", "_002\_002.csproj", "{EB838EA9-273F-445D-A7A5-4D27D219AEF5}"
EndProject
Project("{FAE04EC0-301F-11D3-BF4B-00C04F79EFBC}") = "_003", "_003\_003.csproj", "{3F9EC9F0-E32F-4983-8E0B-1B916D83184E}"
EndProject
Project("{FAE04EC0-301F-11D3-BF4B-00C04F79EFBC}") = "_004", "_004\_004.csproj", "{01C619D1-B596-476A-8987-8EB841047303}"
EndProject
Project("{FAE04EC0-301F-11D3-BF4B-00C04F79EFBC}") = "_005", "_005\_005.csproj", "{917C6504-C564-4A58-969C-37EF0D46FFCD}"
EndProject
Project("{FAE04EC0-301F-11D3-BF4B-00C04F79EFBC}") = "_006", "_006\_006.csproj", "{F92D1CA6-C1E4-4EAE-9BBD-ED925811CB7D}"
EndProject
Project("{FAE04EC0-301F-11D3-BF4B-00C04F79EFBC}") = "_007", "_007\_007.csproj", "{80DAD488-C606-46CF-9BF9-CF93983DE553}"
EndProject
Global
	GlobalSection(SolutionConfigurationPlatforms) = preSolution
		Debug|Any CPU = Debug|Any CPU
		Release|Any CPU = Release|Any CPU
	EndGlobalSection
	GlobalSection(ProjectConfigurationPlatforms) = postSolution
		{F4567432-C32A-4B20-BEEC-AB157AAE2685}.Debug|Any CPU.ActiveCfg = Debug|Any CPU
		{F4567432-C32A-4B20-BEEC-AB157AAE2685}.Debug|Any CPU.Build.0 = Debug|Any CPU
		{F4567432-C32A-4B20-BEEC-AB157AAE2685}.Release|Any CPU.ActiveCfg = Release|Any CPU
		{F4567432-C32A-4B20-BEEC-AB157AAE2685}.Release|Any CPU.Build.0 = Release|Any CPU
		{EB838EA9-273F-445D-A7A5-4D27D219AEF5}.Debug|Any CPU.ActiveCfg = Debug|Any CPU
		{EB838EA9-273F-445D-A7A5-4D27D219AEF5}.Debug|Any CPU.Build.0 = Debug|Any CPU
		{EB838EA9-273F-445D-A7A5-4D27D219AEF5}.Release|Any CPU.ActiveCfg = Release|Any CPU
		{EB838EA9-273F-445D-A7A5-4D27D219AEF5}.Release|Any CPU.Build.0 = Release|Any CPU
		{3F9EC9F0-E32F-4983-8E0B-1B916D83184E}.Debug|Any CPU.ActiveCfg = Debug|Any CPU
		{3F9EC9F0-E32F-4983-8E0B-1B916D83184E}.Debug|Any CPU.Build.0 = Debug|Any CPU
		{3F9EC9F0-E32F-4983-8E0B-1B916D83184E}.Release|Any CPU.ActiveCfg = Release|Any CPU
		{3F9EC9F0-E32F-4983-8E0B-1B916D83184E}.Release|Any CPU.Build.0 = Release|Any CPU
		{01C619D1-B596-476A-8987-8EB841047303}.Debug|Any CPU.ActiveCfg = Debug|Any CPU
		{01C619D1-B596-476A-8987-8EB841047303}.Debug|Any CPU.Build.0 = Debug|Any CPU
		{01C619D1-B596-476A-8987-8EB841047303}.Release|Any CPU.ActiveCfg = Release|Any CPU
		{01C619D1-B596-476A-8987-8EB841047303}.Release|Any CPU.Build.0 = Release|Any CPU
		{917C6504-C564-4A58-969C-37EF0D46FFCD}.Debug|Any CPU.ActiveCfg = Debug|Any CPU
		{917C6504-C564-4A58-969C-37EF0D46FFCD}.Debug|Any CPU.Build.0 = Debug|Any CPU
		{917C6504-C564-4A58-969C-37EF0D46FFCD}.Release|Any CPU.ActiveCfg = Release|Any CPU
		{917C6504-C564-4A58-969C-37EF0D46FFCD}.Release|Any CPU.Build.0 = Release|Any CPU
		{F92D1CA6-C1E4-4EAE-9BBD-ED925811CB7D}.Debug|Any CPU.ActiveCfg = Debug|Any CPU
		{F92D1CA6-C1E4-4EAE-9BBD-ED925811CB7D}.Debug|Any CPU.Build.0 = Debug|Any CPU
		{F92D1CA6-C1E4-4EAE-9BBD-ED925811CB7D}.Release|Any CPU.ActiveCfg = Release|Any CPU
		{F92D1CA6-C1E4-4EAE-9BBD-ED925811CB7D}.Release|Any CPU.Build.0 = Release|Any CPU
		{80DAD488-C606-46CF-9BF9-CF93983DE553}.Debug|Any CPU.ActiveCfg = Debug|Any CPU
		{80DAD488-C606-46CF-9BF9-CF93983DE553}.Debug|Any CPU.Build.0 = Debug|Any CPU
		{80DAD488-C606-46CF-9BF9-CF93983DE553}.Release|Any CPU.ActiveCfg = Release|Any CPU
		{80DAD488-C606-46CF-9BF9-CF93983DE553}.Release|Any CPU.Build.0 = Release|Any CPU
	EndGlobalSection
EndGlobal
