
Microsoft Visual Studio Solution File, Format Version 12.00
Project("{FAE04EC0-301F-11D3-BF4B-00C04F79EFBC}") = "_001", "_001\_001.csproj", "{0F5B25FC-9B85-48E1-BA6D-2B660BD5439A}"
EndProject
Project("{FAE04EC0-301F-11D3-BF4B-00C04F79EFBC}") = "_002", "_002\_002.csproj", "{A88BE6CC-9B9E-4384-A7F3-0A0778349991}"
EndProject
Project("{FAE04EC0-301F-11D3-BF4B-00C04F79EFBC}") = "_003", "_003\_003.csproj", "{07B23A95-EB8C-445B-8620-F9171363C365}"
EndProject
Project("{FAE04EC0-301F-11D3-BF4B-00C04F79EFBC}") = "_004", "_004\_004.csproj", "{59D8C28C-CCC7-4D07-ADD3-C006F071607F}"
EndProject
Project("{FAE04EC0-301F-11D3-BF4B-00C04F79EFBC}") = "_005", "_005\_005.csproj", "{5F386942-5A11-4AA1-9858-47C72490878C}"
EndProject
Project("{FAE04EC0-301F-11D3-BF4B-00C04F79EFBC}") = "_006", "_006\_006.csproj", "{86583BB8-6F08-4AD7-B59D-63562E71D78B}"
EndProject
Project("{FAE04EC0-301F-11D3-BF4B-00C04F79EFBC}") = "_007", "_007\_007.csproj", "{5722E5D8-C8CA-4BEA-BDB3-3726695F6477}"
EndProject
Project("{FAE04EC0-301F-11D3-BF4B-00C04F79EFBC}") = "_008", "_008\_008.csproj", "{0DEBA735-9B0E-4C6D-B7ED-0244A2530062}"
EndProject
Global
	GlobalSection(SolutionConfigurationPlatforms) = preSolution
		Debug|Any CPU = Debug|Any CPU
		Release|Any CPU = Release|Any CPU
	EndGlobalSection
	GlobalSection(ProjectConfigurationPlatforms) = postSolution
		{0F5B25FC-9B85-48E1-BA6D-2B660BD5439A}.Debug|Any CPU.ActiveCfg = Debug|Any CPU
		{0F5B25FC-9B85-48E1-BA6D-2B660BD5439A}.Debug|Any CPU.Build.0 = Debug|Any CPU
		{0F5B25FC-9B85-48E1-BA6D-2B660BD5439A}.Release|Any CPU.ActiveCfg = Release|Any CPU
		{0F5B25FC-9B85-48E1-BA6D-2B660BD5439A}.Release|Any CPU.Build.0 = Release|Any CPU
		{A88BE6CC-9B9E-4384-A7F3-0A0778349991}.Debug|Any CPU.ActiveCfg = Debug|Any CPU
		{A88BE6CC-9B9E-4384-A7F3-0A0778349991}.Debug|Any CPU.Build.0 = Debug|Any CPU
		{A88BE6CC-9B9E-4384-A7F3-0A0778349991}.Release|Any CPU.ActiveCfg = Release|Any CPU
		{A88BE6CC-9B9E-4384-A7F3-0A0778349991}.Release|Any CPU.Build.0 = Release|Any CPU
		{07B23A95-EB8C-445B-8620-F9171363C365}.Debug|Any CPU.ActiveCfg = Debug|Any CPU
		{07B23A95-EB8C-445B-8620-F9171363C365}.Debug|Any CPU.Build.0 = Debug|Any CPU
		{07B23A95-EB8C-445B-8620-F9171363C365}.Release|Any CPU.ActiveCfg = Release|Any CPU
		{07B23A95-EB8C-445B-8620-F9171363C365}.Release|Any CPU.Build.0 = Release|Any CPU
		{59D8C28C-CCC7-4D07-ADD3-C006F071607F}.Debug|Any CPU.ActiveCfg = Debug|Any CPU
		{59D8C28C-CCC7-4D07-ADD3-C006F071607F}.Debug|Any CPU.Build.0 = Debug|Any CPU
		{59D8C28C-CCC7-4D07-ADD3-C006F071607F}.Release|Any CPU.ActiveCfg = Release|Any CPU
		{59D8C28C-CCC7-4D07-ADD3-C006F071607F}.Release|Any CPU.Build.0 = Release|Any CPU
		{5F386942-5A11-4AA1-9858-47C72490878C}.Debug|Any CPU.ActiveCfg = Debug|Any CPU
		{5F386942-5A11-4AA1-9858-47C72490878C}.Debug|Any CPU.Build.0 = Debug|Any CPU
		{5F386942-5A11-4AA1-9858-47C72490878C}.Release|Any CPU.ActiveCfg = Release|Any CPU
		{5F386942-5A11-4AA1-9858-47C72490878C}.Release|Any CPU.Build.0 = Release|Any CPU
		{86583BB8-6F08-4AD7-B59D-63562E71D78B}.Debug|Any CPU.ActiveCfg = Debug|Any CPU
		{86583BB8-6F08-4AD7-B59D-63562E71D78B}.Debug|Any CPU.Build.0 = Debug|Any CPU
		{86583BB8-6F08-4AD7-B59D-63562E71D78B}.Release|Any CPU.ActiveCfg = Release|Any CPU
		{86583BB8-6F08-4AD7-B59D-63562E71D78B}.Release|Any CPU.Build.0 = Release|Any CPU
		{5722E5D8-C8CA-4BEA-BDB3-3726695F6477}.Debug|Any CPU.ActiveCfg = Debug|Any CPU
		{5722E5D8-C8CA-4BEA-BDB3-3726695F6477}.Debug|Any CPU.Build.0 = Debug|Any CPU
		{5722E5D8-C8CA-4BEA-BDB3-3726695F6477}.Release|Any CPU.ActiveCfg = Release|Any CPU
		{5722E5D8-C8CA-4BEA-BDB3-3726695F6477}.Release|Any CPU.Build.0 = Release|Any CPU
		{0DEBA735-9B0E-4C6D-B7ED-0244A2530062}.Debug|Any CPU.ActiveCfg = Debug|Any CPU
		{0DEBA735-9B0E-4C6D-B7ED-0244A2530062}.Debug|Any CPU.Build.0 = Debug|Any CPU
		{0DEBA735-9B0E-4C6D-B7ED-0244A2530062}.Release|Any CPU.ActiveCfg = Release|Any CPU
		{0DEBA735-9B0E-4C6D-B7ED-0244A2530062}.Release|Any CPU.Build.0 = Release|Any CPU
	EndGlobalSection
EndGlobal
